<Solution>
  <Folder Name="/Solution Items/">
    <File Path="../.editorconfig" />
    <File Path="../Directory.Build.props" />
    <File Path="../Directory.Build.targets" />
    <File Path="../README.md" />
    <File Path="../global.json" />
  </Folder>
  <Folder Name="/Tests/">
    <Project Path="Plugin.DeviceCharging.UnitTest/Plugin.DeviceCharging.UnitTest.csproj" />
  </Folder>
  <Project Path="Plugin.DeviceCharging/Plugin.DeviceCharging.csproj" />
</Solution>
